# THIS IS AN AUTOGENERATED FILE. DO NOT EDIT THIS FILE DIRECTLY.
# yarn lockfile v1


etcars-node-client@^1.0.4:
  version "1.0.4"
  resolved "https://registry.yarnpkg.com/etcars-node-client/-/etcars-node-client-1.0.4.tgz#9471269088e2c872aa165bcea7c9ed318faeafd0"
  integrity sha512-TXvU8icFP8JiLlsUJqT1WJmVJqrd53HNG2Z4GVLb17wzrCEyG8460ibGDxSL1IyBBrw7gH1btE6W5qvr52s9Iw==
